
Microsoft Visual Studio Solution File, Format Version 12.00
# Visual Studio 15
VisualStudioVersion = 15.0.26730.16
MinimumVisualStudioVersion = 10.0.40219.1
Project("{2150E333-8FDC-42A3-9474-1A3956D46DE8}") = "2.Application", "2.Application", "{DBB8E1D8-0B73-40C5-90C8-34E4162F81BD}"
EndProject
Project("{2150E333-8FDC-42A3-9474-1A3956D46DE8}") = "3.Domain", "3.Domain", "{07E04F02-5F9E-4B24-815B-9B3782A1B38E}"
EndProject
Project("{2150E333-8FDC-42A3-9474-1A3956D46DE8}") = "4.Infrastructure", "4.Infrastructure", "{81D546CA-7B5B-4133-81D1-AB5E97AAC665}"
EndProject
Project("{FAE04EC0-301F-11D3-BF4B-00C04F79EFBC}") = "Domain.Repositories", "Domain\Repositories\Domain.Repositories.csproj", "{635C0148-EB78-47AE-91D0-F7A1B0BEA327}"
EndProject
Project("{FAE04EC0-301F-11D3-BF4B-00C04F79EFBC}") = "Domain.Models", "Domain\Models\Domain.Models.csproj", "{370A9B74-F6E4-428E-B984-14755C12BE37}"
EndProject
Project("{FAE04EC0-301F-11D3-BF4B-00C04F79EFBC}") = "Domain.Services", "Domain\Services\Domain.Services.csproj", "{4D57EDB7-CE31-4063-A022-D7F91A57D2B7}"
EndProject
Project("{FAE04EC0-301F-11D3-BF4B-00C04F79EFBC}") = "Domain.Events", "Domain\Events\Domain.Events.csproj", "{BB9F91AD-C344-4858-A858-E31ADFF34136}"
EndProject
Project("{2150E333-8FDC-42A3-9474-1A3956D46DE8}") = "1.Presentation", "1.Presentation", "{52CEFCDF-3AD9-4C52-972E-8AD9E94CDD6D}"
EndProject
Project("{FAE04EC0-301F-11D3-BF4B-00C04F79EFBC}") = "CourseStudio.Api", "Presentation\CourseStudio.Api\CourseStudio.Api.csproj", "{5FC0C05B-2A5D-4296-BCD4-29C16BAE569F}"
EndProject
Project("{FAE04EC0-301F-11D3-BF4B-00C04F79EFBC}") = "CourseStudioApi.Services", "Application\Api.Services\CourseStudioApi.Services.csproj", "{A9AEC277-27DF-4174-87CA-EED12EAFCB71}"
EndProject
Project("{FAE04EC0-301F-11D3-BF4B-00C04F79EFBC}") = "Application.Dtos", "Application\Api.Dtos\Application.Dtos.csproj", "{ACC13FFB-2BED-4B6E-B5A2-013013ED4F84}"
EndProject
Project("{FAE04EC0-301F-11D3-BF4B-00C04F79EFBC}") = "Application.Common", "Application\Common\Application.Common.csproj", "{B472D0C5-C2F8-4999-9F16-7354D0F1FCC9}"
EndProject
Project("{FAE04EC0-301F-11D3-BF4B-00C04F79EFBC}") = "StateMachineTest", "Presentation\StateMachineTest\StateMachineTest.csproj", "{2629A871-73EE-431C-B7C8-D45CDD1C07BB}"
EndProject
Project("{FAE04EC0-301F-11D3-BF4B-00C04F79EFBC}") = "Lib.Mediator", "Infrastructure\Mediator\Lib.Mediator.csproj", "{58614836-DC0E-4958-B819-CF8D147F7121}"
EndProject
Project("{FAE04EC0-301F-11D3-BF4B-00C04F79EFBC}") = "Lib.Ioc", "Infrastructure\Ioc\Lib.Ioc.csproj", "{5C055243-1727-4528-B26D-C47F6AF8E327}"
EndProject
Project("{FAE04EC0-301F-11D3-BF4B-00C04F79EFBC}") = "Lib.Utilities", "Infrastructure\Utilities\Lib.Utilities.csproj", "{9BBF37B3-E571-44B6-B74F-059F3DBF5D84}"
EndProject
Project("{FAE04EC0-301F-11D3-BF4B-00C04F79EFBC}") = "Lib.Exceptions", "Infrastructure\Exceptions\Lib.Exceptions.csproj", "{D3159808-E9DD-44E3-B1A1-687F09BCACA2}"
EndProject
Project("{FAE04EC0-301F-11D3-BF4B-00C04F79EFBC}") = "Application.Events", "Application\Events\Application.Events.csproj", "{62F1737D-641B-4806-8336-60C3D3F975A7}"
EndProject
Project("{FAE04EC0-301F-11D3-BF4B-00C04F79EFBC}") = "DataSeed.Services", "Application\DataSeed\DataSeed.Services.csproj", "{49C99EC9-6928-403F-92F6-017CC6290EC5}"
EndProject
Project("{FAE04EC0-301F-11D3-BF4B-00C04F79EFBC}") = "Lib.BlobStorage", "Infrastructure\BlobStorage\Lib.BlobStorage.csproj", "{58C8BE21-9C43-4185-8577-1900A167C061}"
EndProject
Project("{FAE04EC0-301F-11D3-BF4B-00C04F79EFBC}") = "Presentation.Common", "Presentation\Common\Presentation.Common.csproj", "{0943B698-1613-4216-8614-7AC43B798423}"
EndProject
Project("{FAE04EC0-301F-11D3-BF4B-00C04F79EFBC}") = "Messaging.Services", "Application\Messaging\Messaging.Services.csproj", "{E9D03EB1-4B22-4FF1-A06C-9FB752BA8FC5}"
EndProject
Project("{2150E333-8FDC-42A3-9474-1A3956D46DE8}") = "Solution Items", "Solution Items", "{D9282802-D8AF-4F39-9FD9-50EF63031716}"
	ProjectSection(SolutionItems) = preProject
		README.md = README.md
		TODO-backend.md = TODO-backend.md
		APIs.md = APIs.md
		Deployment.md = Deployment.md
		API-CourseStudioManager.md = API-CourseStudioManager.md
		Dockerfile_API = Dockerfile_API
		deployment.azure.api.yaml = deployment.azure.api.yaml
		Dockerfile_Manager_API = Dockerfile_Manager_API
		deployment.azure.manager.api.yaml = deployment.azure.manager.api.yaml
	EndProjectSection
EndProject
Project("{FAE04EC0-301F-11D3-BF4B-00C04F79EFBC}") = "RuleEngineTest", "Presentation\RuleEngineTest\RuleEngineTest.csproj", "{E70F28F2-F87F-4056-A6E2-CB111C56AB5C}"
EndProject
Project("{FAE04EC0-301F-11D3-BF4B-00C04F79EFBC}") = "Domain.TraversalModel", "Domain\TraversalModel\Domain.TraversalModel.csproj", "{24A96D69-5AA7-4929-8482-447FF5D18C49}"
EndProject
Project("{FAE04EC0-301F-11D3-BF4B-00C04F79EFBC}") = "CourseStudioManager.Api", "Presentation\CourseStudioManager.Api\CourseStudioManager.Api.csproj", "{AE49D2D3-B898-4FEE-A0C5-9BB83F2B2BB1}"
EndProject
Project("{FAE04EC0-301F-11D3-BF4B-00C04F79EFBC}") = "CourseStudioManagerApi.Services", "Application\CourseStudioManagerApi.Services\CourseStudioManagerApi.Services.csproj", "{E0FC5F11-D514-4488-86AE-3267F97D874D}"
EndProject
Project("{FAE04EC0-301F-11D3-BF4B-00C04F79EFBC}") = "Lib.Configs", "Infrastructure\Configs\Lib.Configs.csproj", "{BDCA3FB2-D21E-41C5-BED3-57CB8945C271}"
EndProject
Project("{FAE04EC0-301F-11D3-BF4B-00C04F79EFBC}") = "Domain.Persistence", "Domain\Persistence\Domain.Persistence.csproj", "{03B6609B-DA67-4159-8773-A1AC0A6A2B1C}"
EndProject
Project("{FAE04EC0-301F-11D3-BF4B-00C04F79EFBC}") = "DataMigration.Api", "Presentation\DataMigration.Api\DataMigration.Api.csproj", "{12B25E91-3BEF-4879-88EE-DD5048AA7450}"
EndProject
Global
	GlobalSection(SolutionConfigurationPlatforms) = preSolution
		Debug|Any CPU = Debug|Any CPU
		Release|Any CPU = Release|Any CPU
	EndGlobalSection
	GlobalSection(ProjectConfigurationPlatforms) = postSolution
		{635C0148-EB78-47AE-91D0-F7A1B0BEA327}.Debug|Any CPU.ActiveCfg = Debug|Any CPU
		{635C0148-EB78-47AE-91D0-F7A1B0BEA327}.Debug|Any CPU.Build.0 = Debug|Any CPU
		{635C0148-EB78-47AE-91D0-F7A1B0BEA327}.Release|Any CPU.ActiveCfg = Release|Any CPU
		{635C0148-EB78-47AE-91D0-F7A1B0BEA327}.Release|Any CPU.Build.0 = Release|Any CPU
		{370A9B74-F6E4-428E-B984-14755C12BE37}.Debug|Any CPU.ActiveCfg = Debug|Any CPU
		{370A9B74-F6E4-428E-B984-14755C12BE37}.Debug|Any CPU.Build.0 = Debug|Any CPU
		{370A9B74-F6E4-428E-B984-14755C12BE37}.Release|Any CPU.ActiveCfg = Release|Any CPU
		{370A9B74-F6E4-428E-B984-14755C12BE37}.Release|Any CPU.Build.0 = Release|Any CPU
		{4D57EDB7-CE31-4063-A022-D7F91A57D2B7}.Debug|Any CPU.ActiveCfg = Debug|Any CPU
		{4D57EDB7-CE31-4063-A022-D7F91A57D2B7}.Debug|Any CPU.Build.0 = Debug|Any CPU
		{4D57EDB7-CE31-4063-A022-D7F91A57D2B7}.Release|Any CPU.ActiveCfg = Release|Any CPU
		{4D57EDB7-CE31-4063-A022-D7F91A57D2B7}.Release|Any CPU.Build.0 = Release|Any CPU
		{BB9F91AD-C344-4858-A858-E31ADFF34136}.Debug|Any CPU.ActiveCfg = Debug|Any CPU
		{BB9F91AD-C344-4858-A858-E31ADFF34136}.Debug|Any CPU.Build.0 = Debug|Any CPU
		{BB9F91AD-C344-4858-A858-E31ADFF34136}.Release|Any CPU.ActiveCfg = Release|Any CPU
		{BB9F91AD-C344-4858-A858-E31ADFF34136}.Release|Any CPU.Build.0 = Release|Any CPU
		{5FC0C05B-2A5D-4296-BCD4-29C16BAE569F}.Debug|Any CPU.ActiveCfg = Debug|Any CPU
		{5FC0C05B-2A5D-4296-BCD4-29C16BAE569F}.Debug|Any CPU.Build.0 = Debug|Any CPU
		{5FC0C05B-2A5D-4296-BCD4-29C16BAE569F}.Release|Any CPU.ActiveCfg = Release|Any CPU
		{5FC0C05B-2A5D-4296-BCD4-29C16BAE569F}.Release|Any CPU.Build.0 = Release|Any CPU
		{A9AEC277-27DF-4174-87CA-EED12EAFCB71}.Debug|Any CPU.ActiveCfg = Debug|Any CPU
		{A9AEC277-27DF-4174-87CA-EED12EAFCB71}.Debug|Any CPU.Build.0 = Debug|Any CPU
		{A9AEC277-27DF-4174-87CA-EED12EAFCB71}.Release|Any CPU.ActiveCfg = Release|Any CPU
		{A9AEC277-27DF-4174-87CA-EED12EAFCB71}.Release|Any CPU.Build.0 = Release|Any CPU
		{ACC13FFB-2BED-4B6E-B5A2-013013ED4F84}.Debug|Any CPU.ActiveCfg = Debug|Any CPU
		{ACC13FFB-2BED-4B6E-B5A2-013013ED4F84}.Debug|Any CPU.Build.0 = Debug|Any CPU
		{ACC13FFB-2BED-4B6E-B5A2-013013ED4F84}.Release|Any CPU.ActiveCfg = Release|Any CPU
		{ACC13FFB-2BED-4B6E-B5A2-013013ED4F84}.Release|Any CPU.Build.0 = Release|Any CPU
		{B472D0C5-C2F8-4999-9F16-7354D0F1FCC9}.Debug|Any CPU.ActiveCfg = Debug|Any CPU
		{B472D0C5-C2F8-4999-9F16-7354D0F1FCC9}.Debug|Any CPU.Build.0 = Debug|Any CPU
		{B472D0C5-C2F8-4999-9F16-7354D0F1FCC9}.Release|Any CPU.ActiveCfg = Release|Any CPU
		{B472D0C5-C2F8-4999-9F16-7354D0F1FCC9}.Release|Any CPU.Build.0 = Release|Any CPU
		{2629A871-73EE-431C-B7C8-D45CDD1C07BB}.Debug|Any CPU.ActiveCfg = Debug|Any CPU
		{2629A871-73EE-431C-B7C8-D45CDD1C07BB}.Debug|Any CPU.Build.0 = Debug|Any CPU
		{2629A871-73EE-431C-B7C8-D45CDD1C07BB}.Release|Any CPU.ActiveCfg = Release|Any CPU
		{2629A871-73EE-431C-B7C8-D45CDD1C07BB}.Release|Any CPU.Build.0 = Release|Any CPU
		{58614836-DC0E-4958-B819-CF8D147F7121}.Debug|Any CPU.ActiveCfg = Debug|Any CPU
		{58614836-DC0E-4958-B819-CF8D147F7121}.Debug|Any CPU.Build.0 = Debug|Any CPU
		{58614836-DC0E-4958-B819-CF8D147F7121}.Release|Any CPU.ActiveCfg = Release|Any CPU
		{58614836-DC0E-4958-B819-CF8D147F7121}.Release|Any CPU.Build.0 = Release|Any CPU
		{5C055243-1727-4528-B26D-C47F6AF8E327}.Debug|Any CPU.ActiveCfg = Debug|Any CPU
		{5C055243-1727-4528-B26D-C47F6AF8E327}.Debug|Any CPU.Build.0 = Debug|Any CPU
		{5C055243-1727-4528-B26D-C47F6AF8E327}.Release|Any CPU.ActiveCfg = Release|Any CPU
		{5C055243-1727-4528-B26D-C47F6AF8E327}.Release|Any CPU.Build.0 = Release|Any CPU
		{9BBF37B3-E571-44B6-B74F-059F3DBF5D84}.Debug|Any CPU.ActiveCfg = Debug|Any CPU
		{9BBF37B3-E571-44B6-B74F-059F3DBF5D84}.Debug|Any CPU.Build.0 = Debug|Any CPU
		{9BBF37B3-E571-44B6-B74F-059F3DBF5D84}.Release|Any CPU.ActiveCfg = Release|Any CPU
		{9BBF37B3-E571-44B6-B74F-059F3DBF5D84}.Release|Any CPU.Build.0 = Release|Any CPU
		{D3159808-E9DD-44E3-B1A1-687F09BCACA2}.Debug|Any CPU.ActiveCfg = Debug|Any CPU
		{D3159808-E9DD-44E3-B1A1-687F09BCACA2}.Debug|Any CPU.Build.0 = Debug|Any CPU
		{D3159808-E9DD-44E3-B1A1-687F09BCACA2}.Release|Any CPU.ActiveCfg = Release|Any CPU
		{D3159808-E9DD-44E3-B1A1-687F09BCACA2}.Release|Any CPU.Build.0 = Release|Any CPU
		{62F1737D-641B-4806-8336-60C3D3F975A7}.Debug|Any CPU.ActiveCfg = Debug|Any CPU
		{62F1737D-641B-4806-8336-60C3D3F975A7}.Debug|Any CPU.Build.0 = Debug|Any CPU
		{62F1737D-641B-4806-8336-60C3D3F975A7}.Release|Any CPU.ActiveCfg = Release|Any CPU
		{62F1737D-641B-4806-8336-60C3D3F975A7}.Release|Any CPU.Build.0 = Release|Any CPU
		{49C99EC9-6928-403F-92F6-017CC6290EC5}.Debug|Any CPU.ActiveCfg = Debug|Any CPU
		{49C99EC9-6928-403F-92F6-017CC6290EC5}.Debug|Any CPU.Build.0 = Debug|Any CPU
		{49C99EC9-6928-403F-92F6-017CC6290EC5}.Release|Any CPU.ActiveCfg = Release|Any CPU
		{49C99EC9-6928-403F-92F6-017CC6290EC5}.Release|Any CPU.Build.0 = Release|Any CPU
		{58C8BE21-9C43-4185-8577-1900A167C061}.Debug|Any CPU.ActiveCfg = Debug|Any CPU
		{58C8BE21-9C43-4185-8577-1900A167C061}.Debug|Any CPU.Build.0 = Debug|Any CPU
		{58C8BE21-9C43-4185-8577-1900A167C061}.Release|Any CPU.ActiveCfg = Release|Any CPU
		{58C8BE21-9C43-4185-8577-1900A167C061}.Release|Any CPU.Build.0 = Release|Any CPU
		{0943B698-1613-4216-8614-7AC43B798423}.Debug|Any CPU.ActiveCfg = Debug|Any CPU
		{0943B698-1613-4216-8614-7AC43B798423}.Debug|Any CPU.Build.0 = Debug|Any CPU
		{0943B698-1613-4216-8614-7AC43B798423}.Release|Any CPU.ActiveCfg = Release|Any CPU
		{0943B698-1613-4216-8614-7AC43B798423}.Release|Any CPU.Build.0 = Release|Any CPU
		{E9D03EB1-4B22-4FF1-A06C-9FB752BA8FC5}.Debug|Any CPU.ActiveCfg = Debug|Any CPU
		{E9D03EB1-4B22-4FF1-A06C-9FB752BA8FC5}.Debug|Any CPU.Build.0 = Debug|Any CPU
		{E9D03EB1-4B22-4FF1-A06C-9FB752BA8FC5}.Release|Any CPU.ActiveCfg = Release|Any CPU
		{E9D03EB1-4B22-4FF1-A06C-9FB752BA8FC5}.Release|Any CPU.Build.0 = Release|Any CPU
		{E70F28F2-F87F-4056-A6E2-CB111C56AB5C}.Debug|Any CPU.ActiveCfg = Debug|Any CPU
		{E70F28F2-F87F-4056-A6E2-CB111C56AB5C}.Debug|Any CPU.Build.0 = Debug|Any CPU
		{E70F28F2-F87F-4056-A6E2-CB111C56AB5C}.Release|Any CPU.ActiveCfg = Release|Any CPU
		{E70F28F2-F87F-4056-A6E2-CB111C56AB5C}.Release|Any CPU.Build.0 = Release|Any CPU
		{24A96D69-5AA7-4929-8482-447FF5D18C49}.Debug|Any CPU.ActiveCfg = Debug|Any CPU
		{24A96D69-5AA7-4929-8482-447FF5D18C49}.Debug|Any CPU.Build.0 = Debug|Any CPU
		{24A96D69-5AA7-4929-8482-447FF5D18C49}.Release|Any CPU.ActiveCfg = Release|Any CPU
		{24A96D69-5AA7-4929-8482-447FF5D18C49}.Release|Any CPU.Build.0 = Release|Any CPU
		{AE49D2D3-B898-4FEE-A0C5-9BB83F2B2BB1}.Debug|Any CPU.ActiveCfg = Debug|Any CPU
		{AE49D2D3-B898-4FEE-A0C5-9BB83F2B2BB1}.Debug|Any CPU.Build.0 = Debug|Any CPU
		{AE49D2D3-B898-4FEE-A0C5-9BB83F2B2BB1}.Release|Any CPU.ActiveCfg = Release|Any CPU
		{AE49D2D3-B898-4FEE-A0C5-9BB83F2B2BB1}.Release|Any CPU.Build.0 = Release|Any CPU
		{E0FC5F11-D514-4488-86AE-3267F97D874D}.Debug|Any CPU.ActiveCfg = Debug|Any CPU
		{E0FC5F11-D514-4488-86AE-3267F97D874D}.Debug|Any CPU.Build.0 = Debug|Any CPU
		{E0FC5F11-D514-4488-86AE-3267F97D874D}.Release|Any CPU.ActiveCfg = Release|Any CPU
		{E0FC5F11-D514-4488-86AE-3267F97D874D}.Release|Any CPU.Build.0 = Release|Any CPU
		{BDCA3FB2-D21E-41C5-BED3-57CB8945C271}.Debug|Any CPU.ActiveCfg = Debug|Any CPU
		{BDCA3FB2-D21E-41C5-BED3-57CB8945C271}.Debug|Any CPU.Build.0 = Debug|Any CPU
		{BDCA3FB2-D21E-41C5-BED3-57CB8945C271}.Release|Any CPU.ActiveCfg = Release|Any CPU
		{BDCA3FB2-D21E-41C5-BED3-57CB8945C271}.Release|Any CPU.Build.0 = Release|Any CPU
		{03B6609B-DA67-4159-8773-A1AC0A6A2B1C}.Debug|Any CPU.ActiveCfg = Debug|Any CPU
		{03B6609B-DA67-4159-8773-A1AC0A6A2B1C}.Debug|Any CPU.Build.0 = Debug|Any CPU
		{03B6609B-DA67-4159-8773-A1AC0A6A2B1C}.Release|Any CPU.ActiveCfg = Release|Any CPU
		{03B6609B-DA67-4159-8773-A1AC0A6A2B1C}.Release|Any CPU.Build.0 = Release|Any CPU
		{12B25E91-3BEF-4879-88EE-DD5048AA7450}.Debug|Any CPU.ActiveCfg = Debug|Any CPU
		{12B25E91-3BEF-4879-88EE-DD5048AA7450}.Debug|Any CPU.Build.0 = Debug|Any CPU
		{12B25E91-3BEF-4879-88EE-DD5048AA7450}.Release|Any CPU.ActiveCfg = Release|Any CPU
		{12B25E91-3BEF-4879-88EE-DD5048AA7450}.Release|Any CPU.Build.0 = Release|Any CPU
	EndGlobalSection
	GlobalSection(SolutionProperties) = preSolution
		HideSolutionNode = FALSE
	EndGlobalSection
	GlobalSection(NestedProjects) = preSolution
		{635C0148-EB78-47AE-91D0-F7A1B0BEA327} = {07E04F02-5F9E-4B24-815B-9B3782A1B38E}
		{370A9B74-F6E4-428E-B984-14755C12BE37} = {07E04F02-5F9E-4B24-815B-9B3782A1B38E}
		{4D57EDB7-CE31-4063-A022-D7F91A57D2B7} = {07E04F02-5F9E-4B24-815B-9B3782A1B38E}
		{BB9F91AD-C344-4858-A858-E31ADFF34136} = {07E04F02-5F9E-4B24-815B-9B3782A1B38E}
		{5FC0C05B-2A5D-4296-BCD4-29C16BAE569F} = {52CEFCDF-3AD9-4C52-972E-8AD9E94CDD6D}
		{A9AEC277-27DF-4174-87CA-EED12EAFCB71} = {DBB8E1D8-0B73-40C5-90C8-34E4162F81BD}
		{ACC13FFB-2BED-4B6E-B5A2-013013ED4F84} = {DBB8E1D8-0B73-40C5-90C8-34E4162F81BD}
		{B472D0C5-C2F8-4999-9F16-7354D0F1FCC9} = {DBB8E1D8-0B73-40C5-90C8-34E4162F81BD}
		{2629A871-73EE-431C-B7C8-D45CDD1C07BB} = {52CEFCDF-3AD9-4C52-972E-8AD9E94CDD6D}
		{58614836-DC0E-4958-B819-CF8D147F7121} = {81D546CA-7B5B-4133-81D1-AB5E97AAC665}
		{5C055243-1727-4528-B26D-C47F6AF8E327} = {81D546CA-7B5B-4133-81D1-AB5E97AAC665}
		{9BBF37B3-E571-44B6-B74F-059F3DBF5D84} = {81D546CA-7B5B-4133-81D1-AB5E97AAC665}
		{D3159808-E9DD-44E3-B1A1-687F09BCACA2} = {81D546CA-7B5B-4133-81D1-AB5E97AAC665}
		{62F1737D-641B-4806-8336-60C3D3F975A7} = {DBB8E1D8-0B73-40C5-90C8-34E4162F81BD}
		{49C99EC9-6928-403F-92F6-017CC6290EC5} = {DBB8E1D8-0B73-40C5-90C8-34E4162F81BD}
		{58C8BE21-9C43-4185-8577-1900A167C061} = {81D546CA-7B5B-4133-81D1-AB5E97AAC665}
		{0943B698-1613-4216-8614-7AC43B798423} = {52CEFCDF-3AD9-4C52-972E-8AD9E94CDD6D}
		{E9D03EB1-4B22-4FF1-A06C-9FB752BA8FC5} = {DBB8E1D8-0B73-40C5-90C8-34E4162F81BD}
		{E70F28F2-F87F-4056-A6E2-CB111C56AB5C} = {52CEFCDF-3AD9-4C52-972E-8AD9E94CDD6D}
		{24A96D69-5AA7-4929-8482-447FF5D18C49} = {07E04F02-5F9E-4B24-815B-9B3782A1B38E}
		{AE49D2D3-B898-4FEE-A0C5-9BB83F2B2BB1} = {52CEFCDF-3AD9-4C52-972E-8AD9E94CDD6D}
		{E0FC5F11-D514-4488-86AE-3267F97D874D} = {DBB8E1D8-0B73-40C5-90C8-34E4162F81BD}
		{BDCA3FB2-D21E-41C5-BED3-57CB8945C271} = {81D546CA-7B5B-4133-81D1-AB5E97AAC665}
		{03B6609B-DA67-4159-8773-A1AC0A6A2B1C} = {07E04F02-5F9E-4B24-815B-9B3782A1B38E}
		{12B25E91-3BEF-4879-88EE-DD5048AA7450} = {52CEFCDF-3AD9-4C52-972E-8AD9E94CDD6D}
	EndGlobalSection
	GlobalSection(ExtensibilityGlobals) = postSolution
		SolutionGuid = {D260AA98-C52D-484F-A541-EFB7AC66831A}
	EndGlobalSection
EndGlobal
